// !$*UTF8*$!
{
	archiveVersion = 1;
	classes = {
	};
	objectVersion = 51;
	objects = {

/* Begin PBXBuildFile section */
		78E09A105C638BE5AF59CF72 /* Pods_ar_app.framework in Frameworks */ = {isa = PBXBuildFile; fileRef = C6C8A3321F3C6DE22DBE9CA9 /* Pods_ar_app.framework */; };
		F9187A232567922200921F4C /* TabBarController.swift in Sources */ = {isa = PBXBuildFile; fileRef = F9187A222567922200921F4C /* TabBarController.swift */; };
		F94061402567536B00C4C13B /* MusicViewController.swift in Sources */ = {isa = PBXBuildFile; fileRef = F940613F2567536B00C4C13B /* MusicViewController.swift */; };
		F9B75DB8254817BD0075AC45 /* AppDelegate.swift in Sources */ = {isa = PBXBuildFile; fileRef = F9B75DB7254817BD0075AC45 /* AppDelegate.swift */; };
		F9B75DBA254817BD0075AC45 /* art.scnassets in Resources */ = {isa = PBXBuildFile; fileRef = F9B75DB9254817BD0075AC45 /* art.scnassets */; };
		F9B75DBC254817BD0075AC45 /* ViewController.swift in Sources */ = {isa = PBXBuildFile; fileRef = F9B75DBB254817BD0075AC45 /* ViewController.swift */; };
		F9B75DBF254817BD0075AC45 /* Main.storyboard in Resources */ = {isa = PBXBuildFile; fileRef = F9B75DBD254817BD0075AC45 /* Main.storyboard */; };
		F9B75DC1254817BF0075AC45 /* Assets.xcassets in Resources */ = {isa = PBXBuildFile; fileRef = F9B75DC0254817BF0075AC45 /* Assets.xcassets */; };
		F9B75DC4254817BF0075AC45 /* LaunchScreen.storyboard in Resources */ = {isa = PBXBuildFile; fileRef = F9B75DC2254817BF0075AC45 /* LaunchScreen.storyboard */; };
		F9B75DE22553A6040075AC45 /* TopViewController.swift in Sources */ = {isa = PBXBuildFile; fileRef = F9B75DE12553A6040075AC45 /* TopViewController.swift */; };
/* End PBXBuildFile section */

/* Begin PBXFileReference section */
		19170A5AEAE46BCE04B6F088 /* Pods-ar_app.debug.xcconfig */ = {isa = PBXFileReference; includeInIndex = 1; lastKnownFileType = text.xcconfig; name = "Pods-ar_app.debug.xcconfig"; path = "Target Support Files/Pods-ar_app/Pods-ar_app.debug.xcconfig"; sourceTree = "<group>"; };
		C6C8A3321F3C6DE22DBE9CA9 /* Pods_ar_app.framework */ = {isa = PBXFileReference; explicitFileType = wrapper.framework; includeInIndex = 0; path = Pods_ar_app.framework; sourceTree = BUILT_PRODUCTS_DIR; };
		E764D78CDF28E360C2EE0EDE /* Pods-ar_app.release.xcconfig */ = {isa = PBXFileReference; includeInIndex = 1; lastKnownFileType = text.xcconfig; name = "Pods-ar_app.release.xcconfig"; path = "Target Support Files/Pods-ar_app/Pods-ar_app.release.xcconfig"; sourceTree = "<group>"; };
		F9187A222567922200921F4C /* TabBarController.swift */ = {isa = PBXFileReference; lastKnownFileType = sourcecode.swift; path = TabBarController.swift; sourceTree = "<group>"; };
		F940613F2567536B00C4C13B /* MusicViewController.swift */ = {isa = PBXFileReference; lastKnownFileType = sourcecode.swift; path = MusicViewController.swift; sourceTree = "<group>"; };
		F9B75DB4254817BD0075AC45 /* ar_app.app */ = {isa = PBXFileReference; explicitFileType = wrapper.application; includeInIndex = 0; path = ar_app.app; sourceTree = BUILT_PRODUCTS_DIR; };
		F9B75DB7254817BD0075AC45 /* AppDelegate.swift */ = {isa = PBXFileReference; lastKnownFileType = sourcecode.swift; path = AppDelegate.swift; sourceTree = "<group>"; };
		F9B75DB9254817BD0075AC45 /* art.scnassets */ = {isa = PBXFileReference; lastKnownFileType = wrapper.scnassets; path = art.scnassets; sourceTree = "<group>"; };
		F9B75DBB254817BD0075AC45 /* ViewController.swift */ = {isa = PBXFileReference; lastKnownFileType = sourcecode.swift; path = ViewController.swift; sourceTree = "<group>"; };
		F9B75DBE254817BD0075AC45 /* Base */ = {isa = PBXFileReference; lastKnownFileType = file.storyboard; name = Base; path = Base.lproj/Main.storyboard; sourceTree = "<group>"; };
		F9B75DC0254817BF0075AC45 /* Assets.xcassets */ = {isa = PBXFileReference; lastKnownFileType = folder.assetcatalog; path = Assets.xcassets; sourceTree = "<group>"; };
		F9B75DC3254817BF0075AC45 /* Base */ = {isa = PBXFileReference; lastKnownFileType = file.storyboard; name = Base; path = Base.lproj/LaunchScreen.storyboard; sourceTree = "<group>"; };
		F9B75DC5254817BF0075AC45 /* Info.plist */ = {isa = PBXFileReference; lastKnownFileType = text.plist.xml; path = Info.plist; sourceTree = "<group>"; };
		F9B75DE12553A6040075AC45 /* TopViewController.swift */ = {isa = PBXFileReference; lastKnownFileType = sourcecode.swift; path = TopViewController.swift; sourceTree = "<group>"; };
/* End PBXFileReference section */

/* Begin PBXFrameworksBuildPhase section */
		F9B75DB1254817BD0075AC45 /* Frameworks */ = {
			isa = PBXFrameworksBuildPhase;
			buildActionMask = 2147483647;
			files = (
				78E09A105C638BE5AF59CF72 /* Pods_ar_app.framework in Frameworks */,
			);
			runOnlyForDeploymentPostprocessing = 0;
		};
/* End PBXFrameworksBuildPhase section */

/* Begin PBXGroup section */
		55FF3FA5929F67097FE180F5 /* Pods */ = {
			isa = PBXGroup;
			children = (
				19170A5AEAE46BCE04B6F088 /* Pods-ar_app.debug.xcconfig */,
				E764D78CDF28E360C2EE0EDE /* Pods-ar_app.release.xcconfig */,
			);
			path = Pods;
			sourceTree = "<group>";
		};
		80E01B12AEDE49E43C8319F0 /* Frameworks */ = {
			isa = PBXGroup;
			children = (
				C6C8A3321F3C6DE22DBE9CA9 /* Pods_ar_app.framework */,
			);
			name = Frameworks;
			sourceTree = "<group>";
		};
		F9B75DAB254817BD0075AC45 = {
			isa = PBXGroup;
			children = (
				F9B75DB6254817BD0075AC45 /* ar_app */,
				F9B75DB5254817BD0075AC45 /* Products */,
				55FF3FA5929F67097FE180F5 /* Pods */,
				80E01B12AEDE49E43C8319F0 /* Frameworks */,
			);
			sourceTree = "<group>";
		};
		F9B75DB5254817BD0075AC45 /* Products */ = {
			isa = PBXGroup;
			children = (
				F9B75DB4254817BD0075AC45 /* ar_app.app */,
			);
			name = Products;
			sourceTree = "<group>";
		};
		F9B75DB6254817BD0075AC45 /* ar_app */ = {
			isa = PBXGroup;
			children = (
				F9B75DB7254817BD0075AC45 /* AppDelegate.swift */,
				F9B75DB9254817BD0075AC45 /* art.scnassets */,
				F9B75DBB254817BD0075AC45 /* ViewController.swift */,
				F9B75DBD254817BD0075AC45 /* Main.storyboard */,
				F9B75DE12553A6040075AC45 /* TopViewController.swift */,
				F9B75DC0254817BF0075AC45 /* Assets.xcassets */,
				F9B75DC2254817BF0075AC45 /* LaunchScreen.storyboard */,
				F9B75DC5254817BF0075AC45 /* Info.plist */,
				F940613F2567536B00C4C13B /* MusicViewController.swift */,
				F9187A222567922200921F4C /* TabBarController.swift */,
			);
			path = ar_app;
			sourceTree = "<group>";
		};
/* End PBXGroup section */

/* Begin PBXNativeTarget section */
		F9B75DB3254817BD0075AC45 /* ar_app */ = {
			isa = PBXNativeTarget;
			buildConfigurationList = F9B75DC8254817BF0075AC45 /* Build configuration list for PBXNativeTarget "ar_app" */;
			buildPhases = (
				D9E226371BBEF9AACEC207D7 /* [CP] Check Pods Manifest.lock */,
				F9B75DB0254817BD0075AC45 /* Sources */,
				F9B75DB1254817BD0075AC45 /* Frameworks */,
				F9B75DB2254817BD0075AC45 /* Resources */,
				3D8ED60B7CD8763CEDE0C47B /* [CP] Embed Pods Frameworks */,
			);
			buildRules = (
			);
			dependencies = (
			);
			name = ar_app;
			productName = ar_app;
			productReference = F9B75DB4254817BD0075AC45 /* ar_app.app */;
			productType = "com.apple.product-type.application";
		};
/* End PBXNativeTarget section */

/* Begin PBXProject section */
		F9B75DAC254817BD0075AC45 /* Project object */ = {
			isa = PBXProject;
			attributes = {
				LastSwiftUpdateCheck = 1200;
				LastUpgradeCheck = 1200;
				TargetAttributes = {
					F9B75DB3254817BD0075AC45 = {
						CreatedOnToolsVersion = 12.0.1;
					};
				};
			};
			buildConfigurationList = F9B75DAF254817BD0075AC45 /* Build configuration list for PBXProject "ar_app" */;
			compatibilityVersion = "Xcode 9.3";
			developmentRegion = en;
			hasScannedForEncodings = 0;
			knownRegions = (
				en,
				Base,
			);
			mainGroup = F9B75DAB254817BD0075AC45;
			productRefGroup = F9B75DB5254817BD0075AC45 /* Products */;
			projectDirPath = "";
			projectRoot = "";
			targets = (
				F9B75DB3254817BD0075AC45 /* ar_app */,
			);
		};
/* End PBXProject section */

/* Begin PBXResourcesBuildPhase section */
		F9B75DB2254817BD0075AC45 /* Resources */ = {
			isa = PBXResourcesBuildPhase;
			buildActionMask = 2147483647;
			files = (
				F9B75DBA254817BD0075AC45 /* art.scnassets in Resources */,
				F9B75DC4254817BF0075AC45 /* LaunchScreen.storyboard in Resources */,
				F9B75DC1254817BF0075AC45 /* Assets.xcassets in Resources */,
				F9B75DBF254817BD0075AC45 /* Main.storyboard in Resources */,
			);
			runOnlyForDeploymentPostprocessing = 0;
		};
/* End PBXResourcesBuildPhase section */

/* Begin PBXShellScriptBuildPhase section */
		3D8ED60B7CD8763CEDE0C47B /* [CP] Embed Pods Frameworks */ = {
			isa = PBXShellScriptBuildPhase;
			buildActionMask = 2147483647;
			files = (
			);
			inputFileListPaths = (
				"${PODS_ROOT}/Target Support Files/Pods-ar_app/Pods-ar_app-frameworks-${CONFIGURATION}-input-files.xcfilelist",
			);
			name = "[CP] Embed Pods Frameworks";
			outputFileListPaths = (
				"${PODS_ROOT}/Target Support Files/Pods-ar_app/Pods-ar_app-frameworks-${CONFIGURATION}-output-files.xcfilelist",
			);
			runOnlyForDeploymentPostprocessing = 0;
			shellPath = /bin/sh;
			shellScript = "\"${PODS_ROOT}/Target Support Files/Pods-ar_app/Pods-ar_app-frameworks.sh\"\n";
			showEnvVarsInLog = 0;
		};
		D9E226371BBEF9AACEC207D7 /* [CP] Check Pods Manifest.lock */ = {
			isa = PBXShellScriptBuildPhase;
			buildActionMask = 2147483647;
			files = (
			);
			inputFileListPaths = (
			);
			inputPaths = (
				"${PODS_PODFILE_DIR_PATH}/Podfile.lock",
				"${PODS_ROOT}/Manifest.lock",
			);
			name = "[CP] Check Pods Manifest.lock";
			outputFileListPaths = (
			);
			outputPaths = (
				"$(DERIVED_FILE_DIR)/Pods-ar_app-checkManifestLockResult.txt",
			);
			runOnlyForDeploymentPostprocessing = 0;
			shellPath = /bin/sh;
			shellScript = "diff \"${PODS_PODFILE_DIR_PATH}/Podfile.lock\" \"${PODS_ROOT}/Manifest.lock\" > /dev/null\nif [ $? != 0 ] ; then\n    # print error to STDERR\n    echo \"error: The sandbox is not in sync with the Podfile.lock. Run 'pod install' or update your CocoaPods installation.\" >&2\n    exit 1\nfi\n# This output is used by Xcode 'outputs' to avoid re-running this script phase.\necho \"SUCCESS\" > \"${SCRIPT_OUTPUT_FILE_0}\"\n";
			showEnvVarsInLog = 0;
		};
/* End PBXShellScriptBuildPhase section */

/* Begin PBXSourcesBuildPhase section */
		F9B75DB0254817BD0075AC45 /* Sources */ = {
			isa = PBXSourcesBuildPhase;
			buildActionMask = 2147483647;
			files = (
				F94061402567536B00C4C13B /* MusicViewController.swift in Sources */,
				F9B75DE22553A6040075AC45 /* TopViewController.swift in Sources */,
				F9B75DBC254817BD0075AC45 /* ViewController.swift in Sources */,
				F9187A232567922200921F4C /* TabBarController.swift in Sources */,
				F9B75DB8254817BD0075AC45 /* AppDelegate.swift in Sources */,
			);
			runOnlyForDeploymentPostprocessing = 0;
		};
/* End PBXSourcesBuildPhase section */

/* Begin PBXVariantGroup section */
		F9B75DBD254817BD0075AC45 /* Main.storyboard */ = {
			isa = PBXVariantGroup;
			children = (
				F9B75DBE254817BD0075AC45 /* Base */,
			);
			name = Main.storyboard;
			sourceTree = "<group>";
		};
		F9B75DC2254817BF0075AC45 /* LaunchScreen.storyboard */ = {
			isa = PBXVariantGroup;
			children = (
				F9B75DC3254817BF0075AC45 /* Base */,
			);
			name = LaunchScreen.storyboard;
			sourceTree = "<group>";
		};
/* End PBXVariantGroup section */

/* Begin XCBuildConfiguration section */
		F9B75DC6254817BF0075AC45 /* Debug */ = {
			isa = XCBuildConfiguration;
			buildSettings = {
				ALWAYS_SEARCH_USER_PATHS = NO;
				CLANG_ANALYZER_NONNULL = YES;
				CLANG_ANALYZER_NUMBER_OBJECT_CONVERSION = YES_AGGRESSIVE;
				CLANG_CXX_LANGUAGE_STANDARD = "gnu++14";
				CLANG_CXX_LIBRARY = "libc++";
				CLANG_ENABLE_MODULES = YES;
				CLANG_ENABLE_OBJC_ARC = YES;
				CLANG_ENABLE_OBJC_WEAK = YES;
				CLANG_WARN_BLOCK_CAPTURE_AUTORELEASING = YES;
				CLANG_WARN_BOOL_CONVERSION = YES;
				CLANG_WARN_COMMA = YES;
				CLANG_WARN_CONSTANT_CONVERSION = YES;
				CLANG_WARN_DEPRECATED_OBJC_IMPLEMENTATIONS = YES;
				CLANG_WARN_DIRECT_OBJC_ISA_USAGE = YES_ERROR;
				CLANG_WARN_DOCUMENTATION_COMMENTS = YES;
				CLANG_WARN_EMPTY_BODY = YES;
				CLANG_WARN_ENUM_CONVERSION = YES;
				CLANG_WARN_INFINITE_RECURSION = YES;
				CLANG_WARN_INT_CONVERSION = YES;
				CLANG_WARN_NON_LITERAL_NULL_CONVERSION = YES;
				CLANG_WARN_OBJC_IMPLICIT_RETAIN_SELF = YES;
				CLANG_WARN_OBJC_LITERAL_CONVERSION = YES;
				CLANG_WARN_OBJC_ROOT_CLASS = YES_ERROR;
				CLANG_WARN_QUOTED_INCLUDE_IN_FRAMEWORK_HEADER = YES;
				CLANG_WARN_RANGE_LOOP_ANALYSIS = YES;
				CLANG_WARN_STRICT_PROTOTYPES = YES;
				CLANG_WARN_SUSPICIOUS_MOVE = YES;
				CLANG_WARN_UNGUARDED_AVAILABILITY = YES_AGGRESSIVE;
				CLANG_WARN_UNREACHABLE_CODE = YES;
				CLANG_WARN__DUPLICATE_METHOD_MATCH = YES;
				COPY_PHASE_STRIP = NO;
				DEBUG_INFORMATION_FORMAT = dwarf;
				ENABLE_STRICT_OBJC_MSGSEND = YES;
				ENABLE_TESTABILITY = YES;
				GCC_C_LANGUAGE_STANDARD = gnu11;
				GCC_DYNAMIC_NO_PIC = NO;
				GCC_NO_COMMON_BLOCKS = YES;
				GCC_OPTIMIZATION_LEVEL = 0;
				GCC_PREPROCESSOR_DEFINITIONS = (
					"DEBUG=1",
					"$(inherited)",
				);
				GCC_WARN_64_TO_32_BIT_CONVERSION = YES;
				GCC_WARN_ABOUT_RETURN_TYPE = YES_ERROR;
				GCC_WARN_UNDECLARED_SELECTOR = YES;
				GCC_WARN_UNINITIALIZED_AUTOS = YES_AGGRESSIVE;
				GCC_WARN_UNUSED_FUNCTION = YES;
				GCC_WARN_UNUSED_VARIABLE = YES;
				IPHONEOS_DEPLOYMENT_TARGET = 14.0;
				MTL_ENABLE_DEBUG_INFO = INCLUDE_SOURCE;
				MTL_FAST_MATH = YES;
				ONLY_ACTIVE_ARCH = NO;
				SDKROOT = iphoneos;
				SWIFT_ACTIVE_COMPILATION_CONDITIONS = DEBUG;
				SWIFT_OPTIMIZATION_LEVEL = "-Onone";
			};
			name = Debug;
		};
		F9B75DC7254817BF0075AC45 /* Release */ = {
			isa = XCBuildConfiguration;
			buildSettings = {
				ALWAYS_SEARCH_USER_PATHS = NO;
				CLANG_ANALYZER_NONNULL = YES;
				CLANG_ANALYZER_NUMBER_OBJECT_CONVERSION = YES_AGGRESSIVE;
				CLANG_CXX_LANGUAGE_STANDARD = "gnu++14";
				CLANG_CXX_LIBRARY = "libc++";
				CLANG_ENABLE_MODULES = YES;
				CLANG_ENABLE_OBJC_ARC = YES;
				CLANG_ENABLE_OBJC_WEAK = YES;
				CLANG_WARN_BLOCK_CAPTURE_AUTORELEASING = YES;
				CLANG_WARN_BOOL_CONVERSION = YES;
				CLANG_WARN_COMMA = YES;
				CLANG_WARN_CONSTANT_CONVERSION = YES;
				CLANG_WARN_DEPRECATED_OBJC_IMPLEMENTATIONS = YES;
				CLANG_WARN_DIRECT_OBJC_ISA_USAGE = YES_ERROR;
				CLANG_WARN_DOCUMENTATION_COMMENTS = YES;
				CLANG_WARN_EMPTY_BODY = YES;
				CLANG_WARN_ENUM_CONVERSION = YES;
				CLANG_WARN_INFINITE_RECURSION = YES;
				CLANG_WARN_INT_CONVERSION = YES;
				CLANG_WARN_NON_LITERAL_NULL_CONVERSION = YES;
				CLANG_WARN_OBJC_IMPLICIT_RETAIN_SELF = YES;
				CLANG_WARN_OBJC_LITERAL_CONVERSION = YES;
				CLANG_WARN_OBJC_ROOT_CLASS = YES_ERROR;
				CLANG_WARN_QUOTED_INCLUDE_IN_FRAMEWORK_HEADER = YES;
				CLANG_WARN_RANGE_LOOP_ANALYSIS = YES;
				CLANG_WARN_STRICT_PROTOTYPES = YES;
				CLANG_WARN_SUSPICIOUS_MOVE = YES;
				CLANG_WARN_UNGUARDED_AVAILABILITY = YES_AGGRESSIVE;
				CLANG_WARN_UNREACHABLE_CODE = YES;
				CLANG_WARN__DUPLICATE_METHOD_MATCH = YES;
				COPY_PHASE_STRIP = NO;
				DEBUG_INFORMATION_FORMAT = "dwarf-with-dsym";
				ENABLE_NS_ASSERTIONS = NO;
				ENABLE_STRICT_OBJC_MSGSEND = YES;
				GCC_C_LANGUAGE_STANDARD = gnu11;
				GCC_NO_COMMON_BLOCKS = YES;
				GCC_WARN_64_TO_32_BIT_CONVERSION = YES;
				GCC_WARN_ABOUT_RETURN_TYPE = YES_ERROR;
				GCC_WARN_UNDECLARED_SELECTOR = YES;
				GCC_WARN_UNINITIALIZED_AUTOS = YES_AGGRESSIVE;
				GCC_WARN_UNUSED_FUNCTION = YES;
				GCC_WARN_UNUSED_VARIABLE = YES;
				IPHONEOS_DEPLOYMENT_TARGET = 14.0;
				MTL_ENABLE_DEBUG_INFO = NO;
				MTL_FAST_MATH = YES;
				ONLY_ACTIVE_ARCH = NO;
				SDKROOT = iphoneos;
				SWIFT_COMPILATION_MODE = wholemodule;
				SWIFT_OPTIMIZATION_LEVEL = "-O";
				VALIDATE_PRODUCT = YES;
			};
			name = Release;
		};
		F9B75DC9254817BF0075AC45 /* Debug */ = {
			isa = XCBuildConfiguration;
			baseConfigurationReference = 19170A5AEAE46BCE04B6F088 /* Pods-ar_app.debug.xcconfig */;
			buildSettings = {
				ASSETCATALOG_COMPILER_APPICON_NAME = AppIcon;
				ASSETCATALOG_COMPILER_GLOBAL_ACCENT_COLOR_NAME = AccentColor;
				CODE_SIGN_STYLE = Automatic;
				DEVELOPMENT_TEAM = ND34HMFNXY;
				INFOPLIST_FILE = ar_app/Info.plist;
				LD_RUNPATH_SEARCH_PATHS = (
					"$(inherited)",
					"@executable_path/Frameworks",
				);
				PRODUCT_BUNDLE_IDENTIFIER = "jp.ne.sakura.mihiri.ar-app";
				PRODUCT_NAME = "$(TARGET_NAME)";
				SWIFT_VERSION = 5.0;
				TARGETED_DEVICE_FAMILY = "1,2";
			};
			name = Debug;
		};
		F9B75DCA254817BF0075AC45 /* Release */ = {
			isa = XCBuildConfiguration;
			baseConfigurationReference = E764D78CDF28E360C2EE0EDE /* Pods-ar_app.release.xcconfig */;
			buildSettings = {
				ASSETCATALOG_COMPILER_APPICON_NAME = AppIcon;
				ASSETCATALOG_COMPILER_GLOBAL_ACCENT_COLOR_NAME = AccentColor;
				CODE_SIGN_STYLE = Automatic;
				DEVELOPMENT_TEAM = ND34HMFNXY;
				INFOPLIST_FILE = ar_app/Info.plist;
				LD_RUNPATH_SEARCH_PATHS = (
					"$(inherited)",
					"@executable_path/Frameworks",
				);
				PRODUCT_BUNDLE_IDENTIFIER = "jp.ne.sakura.mihiri.ar-app";
				PRODUCT_NAME = "$(TARGET_NAME)";
				SWIFT_VERSION = 5.0;
				TARGETED_DEVICE_FAMILY = "1,2";
			};
			name = Release;
		};
/* End XCBuildConfiguration section */

/* Begin XCConfigurationList section */
		F9B75DAF254817BD0075AC45 /* Build configuration list for PBXProject "ar_app" */ = {
			isa = XCConfigurationList;
			buildConfigurations = (
				F9B75DC6254817BF0075AC45 /* Debug */,
				F9B75DC7254817BF0075AC45 /* Release */,
			);
			defaultConfigurationIsVisible = 0;
			defaultConfigurationName = Release;
		};
		F9B75DC8254817BF0075AC45 /* Build configuration list for PBXNativeTarget "ar_app" */ = {
			isa = XCConfigurationList;
			buildConfigurations = (
				F9B75DC9254817BF0075AC45 /* Debug */,
				F9B75DCA254817BF0075AC45 /* Release */,
			);
			defaultConfigurationIsVisible = 0;
			defaultConfigurationName = Release;
		};
/* End XCConfigurationList section */
	};
	rootObject = F9B75DAC254817BD0075AC45 /* Project object */;
}
